
Microsoft Visual Studio Solution File, Format Version 12.00
# Visual Studio 15
Project("{FAE04EC0-301F-11D3-BF4B-00C04F79EFBC}") = "TestCustomControlChildContent.Android", "TestCustomControlChildContent.Android\TestCustomControlChildContent.Android.csproj", "{F52B878B-4DCF-49B3-9F2F-8790FB4DB447}"
EndProject
Project("{FAE04EC0-301F-11D3-BF4B-00C04F79EFBC}") = "TestCustomControlChildContent.iOS", "TestCustomControlChildContent.iOS\TestCustomControlChildContent.iOS.csproj", "{8466E04E-DD19-4EDE-8A3E-7F7C89A4ABC7}"
EndProject
Project("{FAE04EC0-301F-11D3-BF4B-00C04F79EFBC}") = "TestCustomControlChildContent", "TestCustomControlChildContent\TestCustomControlChildContent.csproj", "{4C8ECFAD-B5DC-48BF-B18C-2142D336C28C}"
EndProject
Global
	GlobalSection(SolutionConfigurationPlatforms) = preSolution
		Debug|Any CPU = Debug|Any CPU
		Release|Any CPU = Release|Any CPU
		Debug|iPhoneSimulator = Debug|iPhoneSimulator
		Release|iPhoneSimulator = Release|iPhoneSimulator
		Debug|iPhone = Debug|iPhone
		Release|iPhone = Release|iPhone
	EndGlobalSection
	GlobalSection(ProjectConfigurationPlatforms) = postSolution
		{F52B878B-4DCF-49B3-9F2F-8790FB4DB447}.Debug|Any CPU.ActiveCfg = Debug|Any CPU
		{F52B878B-4DCF-49B3-9F2F-8790FB4DB447}.Debug|Any CPU.Build.0 = Debug|Any CPU
		{F52B878B-4DCF-49B3-9F2F-8790FB4DB447}.Release|Any CPU.ActiveCfg = Release|Any CPU
		{F52B878B-4DCF-49B3-9F2F-8790FB4DB447}.Release|Any CPU.Build.0 = Release|Any CPU
		{F52B878B-4DCF-49B3-9F2F-8790FB4DB447}.Debug|iPhoneSimulator.ActiveCfg = Debug|Any CPU
		{F52B878B-4DCF-49B3-9F2F-8790FB4DB447}.Debug|iPhoneSimulator.Build.0 = Debug|Any CPU
		{F52B878B-4DCF-49B3-9F2F-8790FB4DB447}.Release|iPhoneSimulator.ActiveCfg = Release|Any CPU
		{F52B878B-4DCF-49B3-9F2F-8790FB4DB447}.Release|iPhoneSimulator.Build.0 = Release|Any CPU
		{F52B878B-4DCF-49B3-9F2F-8790FB4DB447}.Debug|iPhone.ActiveCfg = Debug|Any CPU
		{F52B878B-4DCF-49B3-9F2F-8790FB4DB447}.Debug|iPhone.Build.0 = Debug|Any CPU
		{F52B878B-4DCF-49B3-9F2F-8790FB4DB447}.Release|iPhone.ActiveCfg = Release|Any CPU
		{F52B878B-4DCF-49B3-9F2F-8790FB4DB447}.Release|iPhone.Build.0 = Release|Any CPU
		{8466E04E-DD19-4EDE-8A3E-7F7C89A4ABC7}.Debug|Any CPU.ActiveCfg = Debug|iPhoneSimulator
		{8466E04E-DD19-4EDE-8A3E-7F7C89A4ABC7}.Debug|Any CPU.Build.0 = Debug|iPhoneSimulator
		{8466E04E-DD19-4EDE-8A3E-7F7C89A4ABC7}.Release|Any CPU.ActiveCfg = Release|iPhoneSimulator
		{8466E04E-DD19-4EDE-8A3E-7F7C89A4ABC7}.Release|Any CPU.Build.0 = Release|iPhoneSimulator
		{8466E04E-DD19-4EDE-8A3E-7F7C89A4ABC7}.Debug|iPhoneSimulator.ActiveCfg = Debug|iPhoneSimulator
		{8466E04E-DD19-4EDE-8A3E-7F7C89A4ABC7}.Debug|iPhoneSimulator.Build.0 = Debug|iPhoneSimulator
		{8466E04E-DD19-4EDE-8A3E-7F7C89A4ABC7}.Release|iPhoneSimulator.ActiveCfg = Release|iPhoneSimulator
		{8466E04E-DD19-4EDE-8A3E-7F7C89A4ABC7}.Release|iPhoneSimulator.Build.0 = Release|iPhoneSimulator
		{8466E04E-DD19-4EDE-8A3E-7F7C89A4ABC7}.Debug|iPhone.ActiveCfg = Debug|iPhone
		{8466E04E-DD19-4EDE-8A3E-7F7C89A4ABC7}.Debug|iPhone.Build.0 = Debug|iPhone
		{8466E04E-DD19-4EDE-8A3E-7F7C89A4ABC7}.Release|iPhone.ActiveCfg = Release|iPhone
		{8466E04E-DD19-4EDE-8A3E-7F7C89A4ABC7}.Release|iPhone.Build.0 = Release|iPhone
		{4C8ECFAD-B5DC-48BF-B18C-2142D336C28C}.Debug|Any CPU.ActiveCfg = Debug|Any CPU
		{4C8ECFAD-B5DC-48BF-B18C-2142D336C28C}.Debug|Any CPU.Build.0 = Debug|Any CPU
		{4C8ECFAD-B5DC-48BF-B18C-2142D336C28C}.Release|Any CPU.ActiveCfg = Release|Any CPU
		{4C8ECFAD-B5DC-48BF-B18C-2142D336C28C}.Release|Any CPU.Build.0 = Release|Any CPU
		{4C8ECFAD-B5DC-48BF-B18C-2142D336C28C}.Debug|iPhoneSimulator.ActiveCfg = Debug|Any CPU
		{4C8ECFAD-B5DC-48BF-B18C-2142D336C28C}.Debug|iPhoneSimulator.Build.0 = Debug|Any CPU
		{4C8ECFAD-B5DC-48BF-B18C-2142D336C28C}.Release|iPhoneSimulator.ActiveCfg = Release|Any CPU
		{4C8ECFAD-B5DC-48BF-B18C-2142D336C28C}.Release|iPhoneSimulator.Build.0 = Release|Any CPU
		{4C8ECFAD-B5DC-48BF-B18C-2142D336C28C}.Debug|iPhone.ActiveCfg = Debug|Any CPU
		{4C8ECFAD-B5DC-48BF-B18C-2142D336C28C}.Debug|iPhone.Build.0 = Debug|Any CPU
		{4C8ECFAD-B5DC-48BF-B18C-2142D336C28C}.Release|iPhone.ActiveCfg = Release|Any CPU
		{4C8ECFAD-B5DC-48BF-B18C-2142D336C28C}.Release|iPhone.Build.0 = Release|Any CPU
	EndGlobalSection
EndGlobal
